// !$*UTF8*$!
{
	archiveVersion = 1;
	classes = {
	};
	objectVersion = 46;
	objects = {

/* Begin PBXBuildFile section */
		1E1C889A1C5ACAB300932202 /* AppDelegate.swift in Sources */ = {isa = PBXBuildFile; fileRef = 1E1C88991C5ACAB300932202 /* AppDelegate.swift */; };
		1E1C889C1C5ACAB300932202 /* ViewController.swift in Sources */ = {isa = PBXBuildFile; fileRef = 1E1C889B1C5ACAB300932202 /* ViewController.swift */; };
		1E1C889F1C5ACAB300932202 /* Main.storyboard in Resources */ = {isa = PBXBuildFile; fileRef = 1E1C889D1C5ACAB300932202 /* Main.storyboard */; };
		1E1C88A11C5ACAB300932202 /* Assets.xcassets in Resources */ = {isa = PBXBuildFile; fileRef = 1E1C88A01C5ACAB300932202 /* Assets.xcassets */; };
		1E1C88A41C5ACAB300932202 /* LaunchScreen.storyboard in Resources */ = {isa = PBXBuildFile; fileRef = 1E1C88A21C5ACAB300932202 /* LaunchScreen.storyboard */; };
/* End PBXBuildFile section */

/* Begin PBXFileReference section */
		1E1C88961C5ACAB300932202 /* MovieViewe.app */ = {isa = PBXFileReference; explicitFileType = wrapper.application; includeInIndex = 0; path = MovieViewe.app; sourceTree = BUILT_PRODUCTS_DIR; };
		1E1C88991C5ACAB300932202 /* AppDelegate.swift */ = {isa = PBXFileReference; lastKnownFileType = sourcecode.swift; path = AppDelegate.swift; sourceTree = "<group>"; };
		1E1C889B1C5ACAB300932202 /* ViewController.swift */ = {isa = PBXFileReference; lastKnownFileType = sourcecode.swift; path = ViewController.swift; sourceTree = "<group>"; };
		1E1C889E1C5ACAB300932202 /* Base */ = {isa = PBXFileReference; lastKnownFileType = file.storyboard; name = Base; path = Base.lproj/Main.storyboard; sourceTree = "<group>"; };
		1E1C88A01C5ACAB300932202 /* Assets.xcassets */ = {isa = PBXFileReference; lastKnownFileType = folder.assetcatalog; path = Assets.xcassets; sourceTree = "<group>"; };
		1E1C88A31C5ACAB300932202 /* Base */ = {isa = PBXFileReference; lastKnownFileType = file.storyboard; name = Base; path = Base.lproj/LaunchScreen.storyboard; sourceTree = "<group>"; };
		1E1C88A51C5ACAB300932202 /* Info.plist */ = {isa = PBXFileReference; lastKnownFileType = text.plist.xml; path = Info.plist; sourceTree = "<group>"; };
/* End PBXFileReference section */

/* Begin PBXFrameworksBuildPhase section */
		1E1C88931C5ACAB300932202 /* Frameworks */ = {
			isa = PBXFrameworksBuildPhase;
			buildActionMask = 2147483647;
			files = (
			);
			runOnlyForDeploymentPostprocessing = 0;
		};
/* End PBXFrameworksBuildPhase section */

/* Begin PBXGroup section */
		1E1C888D1C5ACAB300932202 = {
			isa = PBXGroup;
			children = (
				1E1C88981C5ACAB300932202 /* MovieViewe */,
				1E1C88971C5ACAB300932202 /* Products */,
			);
			sourceTree = "<group>";
		};
		1E1C88971C5ACAB300932202 /* Products */ = {
			isa = PBXGroup;
			children = (
				1E1C88961C5ACAB300932202 /* MovieViewe.app */,
			);
			name = Products;
			sourceTree = "<group>";
		};
		1E1C88981C5ACAB300932202 /* MovieViewe */ = {
			isa = PBXGroup;
			children = (
				1E1C88991C5ACAB300932202 /* AppDelegate.swift */,
				1E1C889B1C5ACAB300932202 /* ViewController.swift */,
				1E1C889D1C5ACAB300932202 /* Main.storyboard */,
				1E1C88A01C5ACAB300932202 /* Assets.xcassets */,
				1E1C88A21C5ACAB300932202 /* LaunchScreen.storyboard */,
				1E1C88A51C5ACAB300932202 /* Info.plist */,
			);
			path = MovieViewe;
			sourceTree = "<group>";
		};
/* End PBXGroup section */

/* Begin PBXNativeTarget section */
		1E1C88951C5ACAB300932202 /* MovieViewe */ = {
			isa = PBXNativeTarget;
			buildConfigurationList = 1E1C88A81C5ACAB300932202 /* Build configuration list for PBXNativeTarget "MovieViewe" */;
			buildPhases = (
				1E1C88921C5ACAB300932202 /* Sources */,
				1E1C88931C5ACAB300932202 /* Frameworks */,
				1E1C88941C5ACAB300932202 /* Resources */,
			);
			buildRules = (
			);
			dependencies = (
			);
			name = MovieViewe;
			productName = MovieViewe;
			productReference = 1E1C88961C5ACAB300932202 /* MovieViewe.app */;
			productType = "com.apple.product-type.application";
		};
/* End PBXNativeTarget section */

/* Begin PBXProject section */
		1E1C888E1C5ACAB300932202 /* Project object */ = {
			isa = PBXProject;
			attributes = {
				LastSwiftUpdateCheck = 0710;
				LastUpgradeCheck = 0710;
				ORGANIZATIONNAME = "Jeremy Cardona";
				TargetAttributes = {
					1E1C88951C5ACAB300932202 = {
						CreatedOnToolsVersion = 7.1.1;
					};
				};
			};
			buildConfigurationList = 1E1C88911C5ACAB300932202 /* Build configuration list for PBXProject "MovieViewe" */;
			compatibilityVersion = "Xcode 3.2";
			developmentRegion = English;
			hasScannedForEncodings = 0;
			knownRegions = (
				en,
				Base,
			);
			mainGroup = 1E1C888D1C5ACAB300932202;
			productRefGroup = 1E1C88971C5ACAB300932202 /* Products */;
			projectDirPath = "";
			projectRoot = "";
			targets = (
				1E1C88951C5ACAB300932202 /* MovieViewe */,
			);
		};
/* End PBXProject section */

/* Begin PBXResourcesBuildPhase section */
		1E1C88941C5ACAB300932202 /* Resources */ = {
			isa = PBXResourcesBuildPhase;
			buildActionMask = 2147483647;
			files = (
				1E1C88A41C5ACAB300932202 /* LaunchScreen.storyboard in Resources */,
				1E1C88A11C5ACAB300932202 /* Assets.xcassets in Resources */,
				1E1C889F1C5ACAB300932202 /* Main.storyboard in Resources */,
			);
			runOnlyForDeploymentPostprocessing = 0;
		};
/* End PBXResourcesBuildPhase section */

/* Begin PBXSourcesBuildPhase section */
		1E1C88921C5ACAB300932202 /* Sources */ = {
			isa = PBXSourcesBuildPhase;
			buildActionMask = 2147483647;
			files = (
				1E1C889C1C5ACAB300932202 /* ViewController.swift in Sources */,
				1E1C889A1C5ACAB300932202 /* AppDelegate.swift in Sources */,
			);
			runOnlyForDeploymentPostprocessing = 0;
		};
/* End PBXSourcesBuildPhase section */

/* Begin PBXVariantGroup section */
		1E1C889D1C5ACAB300932202 /* Main.storyboard */ = {
			isa = PBXVariantGroup;
			children = (
				1E1C889E1C5ACAB300932202 /* Base */,
			);
			name = Main.storyboard;
			sourceTree = "<group>";
		};
		1E1C88A21C5ACAB300932202 /* LaunchScreen.storyboard */ = {
			isa = PBXVariantGroup;
			children = (
				1E1C88A31C5ACAB300932202 /* Base */,
			);
			name = LaunchScreen.storyboard;
			sourceTree = "<group>";
		};
/* End PBXVariantGroup section */

/* Begin XCBuildConfiguration section */
		1E1C88A61C5ACAB300932202 /* Debug */ = {
			isa = XCBuildConfiguration;
			buildSettings = {
				ALWAYS_SEARCH_USER_PATHS = NO;
				CLANG_CXX_LANGUAGE_STANDARD = "gnu++0x";
				CLANG_CXX_LIBRARY = "libc++";
				CLANG_ENABLE_MODULES = YES;
				CLANG_ENABLE_OBJC_ARC = YES;
				CLANG_WARN_BOOL_CONVERSION = YES;
				CLANG_WARN_CONSTANT_CONVERSION = YES;
				CLANG_WARN_DIRECT_OBJC_ISA_USAGE = YES_ERROR;
				CLANG_WARN_EMPTY_BODY = YES;
				CLANG_WARN_ENUM_CONVERSION = YES;
				CLANG_WARN_INT_CONVERSION = YES;
				CLANG_WARN_OBJC_ROOT_CLASS = YES_ERROR;
				CLANG_WARN_UNREACHABLE_CODE = YES;
				CLANG_WARN__DUPLICATE_METHOD_MATCH = YES;
				"CODE_SIGN_IDENTITY[sdk=iphoneos*]" = "iPhone Developer";
				COPY_PHASE_STRIP = NO;
				DEBUG_INFORMATION_FORMAT = dwarf;
				ENABLE_STRICT_OBJC_MSGSEND = YES;
				ENABLE_TESTABILITY = YES;
				GCC_C_LANGUAGE_STANDARD = gnu99;
				GCC_DYNAMIC_NO_PIC = NO;
				GCC_NO_COMMON_BLOCKS = YES;
				GCC_OPTIMIZATION_LEVEL = 0;
				GCC_PREPROCESSOR_DEFINITIONS = (
					"DEBUG=1",
					"$(inherited)",
				);
				GCC_WARN_64_TO_32_BIT_CONVERSION = YES;
				GCC_WARN_ABOUT_RETURN_TYPE = YES_ERROR;
				GCC_WARN_UNDECLARED_SELECTOR = YES;
				GCC_WARN_UNINITIALIZED_AUTOS = YES_AGGRESSIVE;
				GCC_WARN_UNUSED_FUNCTION = YES;
				GCC_WARN_UNUSED_VARIABLE = YES;
				IPHONEOS_DEPLOYMENT_TARGET = 9.1;
				MTL_ENABLE_DEBUG_INFO = YES;
				ONLY_ACTIVE_ARCH = YES;
				SDKROOT = iphoneos;
				SWIFT_OPTIMIZATION_LEVEL = "-Onone";
				TARGETED_DEVICE_FAMILY = "1,2";
			};
			name = Debug;
		};
		1E1C88A71C5ACAB300932202 /* Release */ = {
			isa = XCBuildConfiguration;
			buildSettings = {
				ALWAYS_SEARCH_USER_PATHS = NO;
				CLANG_CXX_LANGUAGE_STANDARD = "gnu++0x";
				CLANG_CXX_LIBRARY = "libc++";
				CLANG_ENABLE_MODULES = YES;
				CLANG_ENABLE_OBJC_ARC = YES;
				CLANG_WARN_BOOL_CONVERSION = YES;
				CLANG_WARN_CONSTANT_CONVERSION = YES;
				CLANG_WARN_DIRECT_OBJC_ISA_USAGE = YES_ERROR;
				CLANG_WARN_EMPTY_BODY = YES;
				CLANG_WARN_ENUM_CONVERSION = YES;
				CLANG_WARN_INT_CONVERSION = YES;
				CLANG_WARN_OBJC_ROOT_CLASS = YES_ERROR;
				CLANG_WARN_UNREACHABLE_CODE = YES;
				CLANG_WARN__DUPLICATE_METHOD_MATCH = YES;
				"CODE_SIGN_IDENTITY[sdk=iphoneos*]" = "iPhone Developer";
				COPY_PHASE_STRIP = NO;
				DEBUG_INFORMATION_FORMAT = "dwarf-with-dsym";
				ENABLE_NS_ASSERTIONS = NO;
				ENABLE_STRICT_OBJC_MSGSEND = YES;
				GCC_C_LANGUAGE_STANDARD = gnu99;
				GCC_NO_COMMON_BLOCKS = YES;
				GCC_WARN_64_TO_32_BIT_CONVERSION = YES;
				GCC_WARN_ABOUT_RETURN_TYPE = YES_ERROR;
				GCC_WARN_UNDECLARED_SELECTOR = YES;
				GCC_WARN_UNINITIALIZED_AUTOS = YES_AGGRESSIVE;
				GCC_WARN_UNUSED_FUNCTION = YES;
				GCC_WARN_UNUSED_VARIABLE = YES;
				IPHONEOS_DEPLOYMENT_TARGET = 9.1;
				MTL_ENABLE_DEBUG_INFO = NO;
				SDKROOT = iphoneos;
				TARGETED_DEVICE_FAMILY = "1,2";
				VALIDATE_PRODUCT = YES;
			};
			name = Release;
		};
		1E1C88A91C5ACAB300932202 /* Debug */ = {
			isa = XCBuildConfiguration;
			buildSettings = {
				ASSETCATALOG_COMPILER_APPICON_NAME = AppIcon;
				INFOPLIST_FILE = MovieViewe/Info.plist;
				LD_RUNPATH_SEARCH_PATHS = "$(inherited) @executable_path/Frameworks";
				PRODUCT_BUNDLE_IDENTIFIER = "github.com-jeremycardona.MovieViewe";
				PRODUCT_NAME = "$(TARGET_NAME)";
			};
			name = Debug;
		};
		1E1C88AA1C5ACAB300932202 /* Release */ = {
			isa = XCBuildConfiguration;
			buildSettings = {
				ASSETCATALOG_COMPILER_APPICON_NAME = AppIcon;
				INFOPLIST_FILE = MovieViewe/Info.plist;
				LD_RUNPATH_SEARCH_PATHS = "$(inherited) @executable_path/Frameworks";
				PRODUCT_BUNDLE_IDENTIFIER = "github.com-jeremycardona.MovieViewe";
				PRODUCT_NAME = "$(TARGET_NAME)";
			};
			name = Release;
		};
/* End XCBuildConfiguration section */

/* Begin XCConfigurationList section */
		1E1C88911C5ACAB300932202 /* Build configuration list for PBXProject "MovieViewe" */ = {
			isa = XCConfigurationList;
			buildConfigurations = (
				1E1C88A61C5ACAB300932202 /* Debug */,
				1E1C88A71C5ACAB300932202 /* Release */,
			);
			defaultConfigurationIsVisible = 0;
			defaultConfigurationName = Release;
		};
		1E1C88A81C5ACAB300932202 /* Build configuration list for PBXNativeTarget "MovieViewe" */ = {
			isa = XCConfigurationList;
			buildConfigurations = (
				1E1C88A91C5ACAB300932202 /* Debug */,
				1E1C88AA1C5ACAB300932202 /* Release */,
			);
			defaultConfigurationIsVisible = 0;
		};
/* End XCConfigurationList section */
	};
	rootObject = 1E1C888E1C5ACAB300932202 /* Project object */;
}
